<?xml version="1.0" encoding="utf-8"?>
<Project ToolsVersion="4.0" xmlns="http://schemas.microsoft.com/developer/msbuild/2003">
  <ItemGroup>
    <ClCompile Include="PolyMesh.cpp">
      <Filter>Source Files</Filter>
    </ClCompile>
    <ClCompile Include="AnimationRoutine.cpp">
      <Filter>Source Files</Filter>
    </ClCompile>
    <ClCompile Include="Physics.cpp">
      <Filter>Source Files</Filter>
    </ClCompile>
  </ItemGroup>
  <ItemGroup>
    <Filter Include="Source Files">
      <UniqueIdentifier>{97e1212d-539b-49aa-be7e-41d75dac1d0b}</UniqueIdentifier>
      <Extensions>cpp;c;cc;cxx;def;odl;idl;hpj;bat;asm;asmx</Extensions>
    </Filter>
    <Filter Include="Header Files">
      <UniqueIdentifier>{8c1b45b8-e575-4931-ba88-1e9836c92e69}</UniqueIdentifier>
      <Extensions>h;hpp;hxx;hm;inl;inc;xsd</Extensions>
    </Filter>
  </ItemGroup>
  <ItemGroup>
    <ClInclude Include="..\include\PolyMesh\AnimationRoutine.h">
      <Filter>Header Files</Filter>
    </ClInclude>
    <ClInclude Include="..\include\PolyMesh\bitmap_image.h">
      <Filter>Header Files</Filter>
    </ClInclude>
    <ClInclude Include="..\include\PolyMesh\PolyMesh.h">
      <Filter>Header Files</Filter>
    </ClInclude>
    <ClInclude Include="..\include\PolyMesh\util.h">
      <Filter>Header Files</Filter>
    </ClInclude>
    <ClInclude Include="..\include\PolyMesh\Physics.h">
      <Filter>Header Files</Filter>
    </ClInclude>
  </ItemGroup>
</Project>